{
  "name": "volto-mosaic",
  "version": "0.0.1",
  "lockfileVersion": 1,
  "requires": true,
  "dependencies": {
    "@types/hoist-non-react-statics": {
      "version": "3.3.1",
      "resolved": "https://registry.npmjs.org/@types/hoist-non-react-statics/-/hoist-non-react-statics-3.3.1.tgz",
      "integrity": "sha512-iMIqiko6ooLrTh1joXodJK5X9xeEALT1kM5G3ZLhD3hszxBdIEd5C75U834D9mLcINgD4OyZf5uQXjkuYydWvA==",
      "requires": {
        "@types/react": "*",
        "hoist-non-react-statics": "^3.3.0"
      }
    },
    "@types/prop-types": {
      "version": "15.7.2",
      "resolved": "https://registry.npmjs.org/@types/prop-types/-/prop-types-15.7.2.tgz",
      "integrity": "sha512-f8JzJNWVhKtc9dg/dyDNfliTKNOJSLa7Oht/ElZdF/UbMUmAH3rLmAk3ODNjw0mZajDEgatA03tRjB4+Dp/tzA=="
    },
    "@types/react": {
      "version": "16.9.2",
      "resolved": "https://registry.npmjs.org/@types/react/-/react-16.9.2.tgz",
      "integrity": "sha512-jYP2LWwlh+FTqGd9v7ynUKZzjj98T8x7Yclz479QdRhHfuW9yQ+0jjnD31eXSXutmBpppj5PYNLYLRfnZJvcfg==",
      "requires": {
        "@types/prop-types": "*",
        "csstype": "^2.2.0"
      }
    },
    "asap": {
      "version": "2.0.6",
      "resolved": "https://registry.npmjs.org/asap/-/asap-2.0.6.tgz",
      "integrity": "sha1-5QNHYR1+aQlDIIu9r+vLwvuGbUY="
    },
    "classnames": {
      "version": "2.2.6",
      "resolved": "https://registry.npmjs.org/classnames/-/classnames-2.2.6.tgz",
      "integrity": "sha512-JR/iSQOSt+LQIWwrwEzJ9uk0xfN3mTVYMwt1Ir5mUcSN6pU+V4zQFFaJsclJbPuAUQH+yfWef6tm7l1quW3C8Q=="
    },
    "csstype": {
      "version": "2.6.6",
      "resolved": "https://registry.npmjs.org/csstype/-/csstype-2.6.6.tgz",
      "integrity": "sha512-RpFbQGUE74iyPgvr46U9t1xoQBM8T4BL8SxrN66Le2xYAPSaDJJKeztV3awugusb3g3G9iL8StmkBBXhcbbXhg=="
    },
    "dnd-core": {
      "version": "7.7.0",
      "resolved": "https://registry.npmjs.org/dnd-core/-/dnd-core-7.7.0.tgz",
      "integrity": "sha512-+YqwflWEY1MEAEl2QiEiRaglYkCwIZryyQwximQGuTOm/ns7fS6Lg/i7OCkrtjM10D5FhArf/VUHIL4ZaRBK0g==",
      "requires": {
        "asap": "^2.0.6",
        "invariant": "^2.2.4",
        "redux": "^4.0.1"
      }
    },
    "dnd-multi-backend": {
      "version": "3.2.1",
      "resolved": "https://registry.npmjs.org/dnd-multi-backend/-/dnd-multi-backend-3.2.1.tgz",
      "integrity": "sha512-A783JbrONpeufxX+jDMHOxR2AWh+gFv5Z/lLpDB3vdON6t0bb2fHSh8fKH2h8gOLRAJGD08m9xYXAJIWreTI5A=="
    },
    "hoist-non-react-statics": {
      "version": "3.3.0",
      "resolved": "https://registry.npmjs.org/hoist-non-react-statics/-/hoist-non-react-statics-3.3.0.tgz",
      "integrity": "sha512-0XsbTXxgiaCDYDIWFcwkmerZPSwywfUqYmwT4jzewKTQSWoE6FCMoUVOeBJWK3E/CrWbxRG3m5GzY4lnIwGRBA==",
      "requires": {
        "react-is": "^16.7.0"
      }
    },
    "immutability-helper": {
      "version": "3.0.1",
      "resolved": "https://registry.npmjs.org/immutability-helper/-/immutability-helper-3.0.1.tgz",
      "integrity": "sha512-U92ROQQt7XkIwrdqCByUI118TQM1hXdKnRQpvKeA0HRyGSnJipu9IWHe4UD8zCN00O8UnQjQzPCgZ1CC3yBzHA==",
      "requires": {
        "invariant": "^2.2.4"
      }
    },
    "invariant": {
      "version": "2.2.4",
      "resolved": "https://registry.npmjs.org/invariant/-/invariant-2.2.4.tgz",
      "integrity": "sha512-phJfQVBuaJM5raOpJjSfkiD6BpbCE4Ns//LaXl6wGYtUBY83nWS6Rf9tXm2e8VaK60JEjYldbPif/A2B1C2gNA==",
      "requires": {
        "loose-envify": "^1.0.0"
      }
    },
    "js-tokens": {
      "version": "4.0.0",
      "resolved": "https://registry.npmjs.org/js-tokens/-/js-tokens-4.0.0.tgz",
      "integrity": "sha512-RdJUflcE3cUzKiMqQgsCu06FPu9UdIJO0beYbPhHN4k6apgJtifcoCtT9bcxOpYBtpD2kCM6Sbzg4CausW/PKQ=="
    },
    "lodash": {
      "version": "4.17.15",
      "resolved": "https://registry.npmjs.org/lodash/-/lodash-4.17.15.tgz",
      "integrity": "sha512-8xOcRHvCjnocdS5cpwXQXVzmmh5e5+saE2QGoeQmbKmRS6J3VQppPOIt0MnmE+4xlZoumy0GPG0D0MVIQbNA1A=="
    },
    "loose-envify": {
      "version": "1.4.0",
      "resolved": "https://registry.npmjs.org/loose-envify/-/loose-envify-1.4.0.tgz",
      "integrity": "sha512-lyuxPGr/Wfhrlem2CL/UcnUc1zcqKAImBDzukY7Y5F/yQiNdko6+fRLevlw1HgMySw7f611UIY408EtxRSoK3Q==",
      "requires": {
        "js-tokens": "^3.0.0 || ^4.0.0"
      }
    },
    "object-assign": {
      "version": "4.1.1",
      "resolved": "https://registry.npmjs.org/object-assign/-/object-assign-4.1.1.tgz",
      "integrity": "sha1-IQmtx5ZYh8/AXLvUQsrIv7s2CGM="
    },
    "prop-types": {
      "version": "15.7.2",
      "resolved": "https://registry.npmjs.org/prop-types/-/prop-types-15.7.2.tgz",
      "integrity": "sha512-8QQikdH7//R2vurIJSutZ1smHYTcLpRWEOlHnzcWHmBYrOGUysKwSsrC89BCiFj3CbrfJ/nXFdJepOVrY1GCHQ==",
      "requires": {
        "loose-envify": "^1.4.0",
        "object-assign": "^4.1.1",
        "react-is": "^16.8.1"
      }
    },
    "react-dnd": {
      "version": "7.7.0",
      "resolved": "https://registry.npmjs.org/react-dnd/-/react-dnd-7.7.0.tgz",
      "integrity": "sha512-anpJDKMgdXE6kXvtBFmIAe1fuaexpVy7meUyNjiTfCnjQ1mRvnttGTVvcW9fMKijsUQYadiyvzd3BRxteFuVXg==",
      "requires": {
        "@types/hoist-non-react-statics": "^3.3.1",
        "dnd-core": "^7.7.0",
        "hoist-non-react-statics": "^3.3.0",
        "invariant": "^2.1.0",
        "shallowequal": "^1.1.0"
      }
    },
    "react-dnd-html5-backend": {
      "version": "7.7.0",
      "resolved": "https://registry.npmjs.org/react-dnd-html5-backend/-/react-dnd-html5-backend-7.7.0.tgz",
      "integrity": "sha512-JgKmWOxqorFyfGPeWV+SAPhVGFe6+LrOR24jETE9rrYZU5hCppzwK9ujjS508kWibeDvbfEgi9j5qC2wB1/MoQ==",
      "requires": {
        "dnd-core": "^7.7.0"
      }
    },
    "react-dnd-multi-backend": {
      "version": "3.2.2",
      "resolved": "https://registry.npmjs.org/react-dnd-multi-backend/-/react-dnd-multi-backend-3.2.2.tgz",
      "integrity": "sha512-94lBSZ8acVLeV2nyBLNwILcWcEGAcGrMzNRLIVeUI1yC0Uq1SaRM+5rdEyrElR9GMDjn0U41jVBlfS+usccZTA==",
      "requires": {
        "dnd-multi-backend": "^3.2.1",
        "prop-types": "^15.6.2",
        "react-dnd-preview": "^3.2.2"
      }
    },
    "react-dnd-preview": {
      "version": "3.2.2",
      "resolved": "https://registry.npmjs.org/react-dnd-preview/-/react-dnd-preview-3.2.2.tgz",
      "integrity": "sha512-IuuU9X4cX7b0xahnbOcj+Ec2VGBlPJHogZXUCtfp/JfVdvoW8M1M/jA8rx28BlIJ7BAc0YY24TxHk5Rm4faExQ==",
      "requires": {
        "prop-types": "^15.6.2"
      }
    },
    "react-dnd-touch-backend": {
      "version": "0.8.3",
      "resolved": "https://registry.npmjs.org/react-dnd-touch-backend/-/react-dnd-touch-backend-0.8.3.tgz",
      "integrity": "sha512-LLJlpeJftRreP9ixm3yfd1JEXf+6BeKo5dkfJFHvNSOEOu+FDSwNl5l8uAG0FeD4z2ZVi7RDQ/jUxdjkBV3zBg==",
      "requires": {
        "dnd-core": "^7.4.4",
        "invariant": "^2.2.4"
      }
    },
    "react-is": {
      "version": "16.9.0",
      "resolved": "https://registry.npmjs.org/react-is/-/react-is-16.9.0.tgz",
      "integrity": "sha512-tJBzzzIgnnRfEm046qRcURvwQnZVXmuCbscxUO5RWrGTXpon2d4c8mI0D8WE6ydVIm29JiLB6+RslkIvym9Rjw=="
    },
    "react-mosaic-component": {
      "version": "3.2.0",
      "resolved": "https://registry.npmjs.org/react-mosaic-component/-/react-mosaic-component-3.2.0.tgz",
      "integrity": "sha512-jIQSxlSoHNpSqeHLksVptPfoVTbZZ8nb4ocAfkQQbw63KnNq7lNsi5KQLaj1Lkc7dGPnXwlBVlEHjehqIignnw==",
      "requires": {
        "classnames": "^2.2.6",
        "immutability-helper": "^3.0.1",
        "lodash": "^4.17.11",
        "prop-types": "^15.7.2",
        "react-dnd": "7.7.0",
        "react-dnd-html5-backend": "7.7.0",
        "react-dnd-multi-backend": "^3.2.1",
        "react-dnd-touch-backend": "^0.8.3",
        "uuid": "^3.3.2"
      }
    },
    "redux": {
      "version": "4.0.4",
      "resolved": "https://registry.npmjs.org/redux/-/redux-4.0.4.tgz",
      "integrity": "sha512-vKv4WdiJxOWKxK0yRoaK3Y4pxxB0ilzVx6dszU2W8wLxlb2yikRph4iV/ymtdJ6ZxpBLFbyrxklnT5yBbQSl3Q==",
      "requires": {
        "loose-envify": "^1.4.0",
        "symbol-observable": "^1.2.0"
      }
    },
    "shallowequal": {
      "version": "1.1.0",
      "resolved": "https://registry.npmjs.org/shallowequal/-/shallowequal-1.1.0.tgz",
      "integrity": "sha512-y0m1JoUZSlPAjXVtPPW70aZWfIL/dSP7AFkRnniLCrK/8MDKog3TySTBmckD+RObVxH0v4Tox67+F14PdED2oQ=="
    },
    "symbol-observable": {
      "version": "1.2.0",
      "resolved": "https://registry.npmjs.org/symbol-observable/-/symbol-observable-1.2.0.tgz",
      "integrity": "sha512-e900nM8RRtGhlV36KGEU9k65K3mPb1WV70OdjfxlG2EAuM1noi/E/BaW/uMhL7bPEssK8QV57vN3esixjUvcXQ=="
    },
    "uuid": {
      "version": "3.3.3",
      "resolved": "https://registry.npmjs.org/uuid/-/uuid-3.3.3.tgz",
      "integrity": "sha512-pW0No1RGHgzlpHJO1nsVrHKpOEIxkGg1xB+v0ZmdNH5OAeAwzAVrCnI2/6Mtx+Uys6iaylxa+D3g4j63IKKjSQ=="
    }
  }
}
